// !$*UTF8*$!
{
	archiveVersion = 1;
	classes = {
	};
	objectVersion = 56;
	objects = {

/* Begin PBXBuildFile section */
		458AF4B72A7D30FF004C3376 /* InstacloneApp.swift in Sources */ = {isa = PBXBuildFile; fileRef = 458AF4B62A7D30FF004C3376 /* InstacloneApp.swift */; };
		458AF4B92A7D30FF004C3376 /* ContentView.swift in Sources */ = {isa = PBXBuildFile; fileRef = 458AF4B82A7D30FF004C3376 /* ContentView.swift */; };
		458AF4BB2A7D3100004C3376 /* Assets.xcassets in Resources */ = {isa = PBXBuildFile; fileRef = 458AF4BA2A7D3100004C3376 /* Assets.xcassets */; };
		458AF4BE2A7D3100004C3376 /* Preview Assets.xcassets in Resources */ = {isa = PBXBuildFile; fileRef = 458AF4BD2A7D3100004C3376 /* Preview Assets.xcassets */; };
		458AF4D52A7D3294004C3376 /* MainTabView.swift in Sources */ = {isa = PBXBuildFile; fileRef = 458AF4D42A7D3294004C3376 /* MainTabView.swift */; };
		458AF4D72A7D33FB004C3376 /* ProfileView.swift in Sources */ = {isa = PBXBuildFile; fileRef = 458AF4D62A7D33FB004C3376 /* ProfileView.swift */; };
		458AF4DB2A7D3CA6004C3376 /* UserStatView.swift in Sources */ = {isa = PBXBuildFile; fileRef = 458AF4DA2A7D3CA6004C3376 /* UserStatView.swift */; };
		458AF4DD2A7D4138004C3376 /* FeedView.swift in Sources */ = {isa = PBXBuildFile; fileRef = 458AF4DC2A7D4138004C3376 /* FeedView.swift */; };
		458AF4DF2A7D4140004C3376 /* FeedCell.swift in Sources */ = {isa = PBXBuildFile; fileRef = 458AF4DE2A7D4140004C3376 /* FeedCell.swift */; };
/* End PBXBuildFile section */

/* Begin PBXFileReference section */
		458AF4B32A7D30FF004C3376 /* Instaclone.app */ = {isa = PBXFileReference; explicitFileType = wrapper.application; includeInIndex = 0; path = Instaclone.app; sourceTree = BUILT_PRODUCTS_DIR; };
		458AF4B62A7D30FF004C3376 /* InstacloneApp.swift */ = {isa = PBXFileReference; lastKnownFileType = sourcecode.swift; path = InstacloneApp.swift; sourceTree = "<group>"; };
		458AF4B82A7D30FF004C3376 /* ContentView.swift */ = {isa = PBXFileReference; lastKnownFileType = sourcecode.swift; path = ContentView.swift; sourceTree = "<group>"; };
		458AF4BA2A7D3100004C3376 /* Assets.xcassets */ = {isa = PBXFileReference; lastKnownFileType = folder.assetcatalog; path = Assets.xcassets; sourceTree = "<group>"; };
		458AF4BD2A7D3100004C3376 /* Preview Assets.xcassets */ = {isa = PBXFileReference; lastKnownFileType = folder.assetcatalog; path = "Preview Assets.xcassets"; sourceTree = "<group>"; };
		458AF4D42A7D3294004C3376 /* MainTabView.swift */ = {isa = PBXFileReference; lastKnownFileType = sourcecode.swift; path = MainTabView.swift; sourceTree = "<group>"; };
		458AF4D62A7D33FB004C3376 /* ProfileView.swift */ = {isa = PBXFileReference; lastKnownFileType = sourcecode.swift; path = ProfileView.swift; sourceTree = "<group>"; };
		458AF4DA2A7D3CA6004C3376 /* UserStatView.swift */ = {isa = PBXFileReference; lastKnownFileType = sourcecode.swift; path = UserStatView.swift; sourceTree = "<group>"; };
		458AF4DC2A7D4138004C3376 /* FeedView.swift */ = {isa = PBXFileReference; lastKnownFileType = sourcecode.swift; path = FeedView.swift; sourceTree = "<group>"; };
		458AF4DE2A7D4140004C3376 /* FeedCell.swift */ = {isa = PBXFileReference; lastKnownFileType = sourcecode.swift; path = FeedCell.swift; sourceTree = "<group>"; };
/* End PBXFileReference section */

/* Begin PBXFrameworksBuildPhase section */
		458AF4B02A7D30FF004C3376 /* Frameworks */ = {
			isa = PBXFrameworksBuildPhase;
			buildActionMask = 2147483647;
			files = (
			);
			runOnlyForDeploymentPostprocessing = 0;
		};
/* End PBXFrameworksBuildPhase section */

/* Begin PBXGroup section */
		458AF4AA2A7D30FF004C3376 = {
			isa = PBXGroup;
			children = (
				458AF4B52A7D30FF004C3376 /* Instaclone */,
				458AF4B42A7D30FF004C3376 /* Products */,
			);
			sourceTree = "<group>";
		};
		458AF4B42A7D30FF004C3376 /* Products */ = {
			isa = PBXGroup;
			children = (
				458AF4B32A7D30FF004C3376 /* Instaclone.app */,
			);
			name = Products;
			sourceTree = "<group>";
		};
		458AF4B52A7D30FF004C3376 /* Instaclone */ = {
			isa = PBXGroup;
			children = (
				458AF4C42A7D3137004C3376 /* App */,
				458AF4CC2A7D3177004C3376 /* Core */,
				458AF4CB2A7D3175004C3376 /* Extensions */,
				458AF4CA2A7D3173004C3376 /* Model */,
				458AF4C92A7D3171004C3376 /* Services */,
				458AF4B82A7D30FF004C3376 /* ContentView.swift */,
				458AF4BA2A7D3100004C3376 /* Assets.xcassets */,
				458AF4BC2A7D3100004C3376 /* Preview Content */,
			);
			path = Instaclone;
			sourceTree = "<group>";
		};
		458AF4BC2A7D3100004C3376 /* Preview Content */ = {
			isa = PBXGroup;
			children = (
				458AF4BD2A7D3100004C3376 /* Preview Assets.xcassets */,
			);
			path = "Preview Content";
			sourceTree = "<group>";
		};
		458AF4C42A7D3137004C3376 /* App */ = {
			isa = PBXGroup;
			children = (
				458AF4B62A7D30FF004C3376 /* InstacloneApp.swift */,
			);
			path = App;
			sourceTree = "<group>";
		};
		458AF4C92A7D3171004C3376 /* Services */ = {
			isa = PBXGroup;
			children = (
			);
			path = Services;
			sourceTree = "<group>";
		};
		458AF4CA2A7D3173004C3376 /* Model */ = {
			isa = PBXGroup;
			children = (
			);
			path = Model;
			sourceTree = "<group>";
		};
		458AF4CB2A7D3175004C3376 /* Extensions */ = {
			isa = PBXGroup;
			children = (
			);
			path = Extensions;
			sourceTree = "<group>";
		};
		458AF4CC2A7D3177004C3376 /* Core */ = {
			isa = PBXGroup;
			children = (
				458AF4CD2A7D319E004C3376 /* Authentication */,
				458AF4D82A7D3C39004C3376 /* Components */,
				458AF4D12A7D31A6004C3376 /* Feed */,
				458AF4D02A7D31A4004C3376 /* Profile */,
				458AF4CF2A7D31A2004C3376 /* Root */,
				458AF4CE2A7D31A0004C3376 /* Search */,
				458AF4D32A7D31CF004C3376 /* TabBar */,
				458AF4D22A7D31CD004C3376 /* UploadPost */,
			);
			path = Core;
			sourceTree = "<group>";
		};
		458AF4CD2A7D319E004C3376 /* Authentication */ = {
			isa = PBXGroup;
			children = (
			);
			path = Authentication;
			sourceTree = "<group>";
		};
		458AF4CE2A7D31A0004C3376 /* Search */ = {
			isa = PBXGroup;
			children = (
			);
			path = Search;
			sourceTree = "<group>";
		};
		458AF4CF2A7D31A2004C3376 /* Root */ = {
			isa = PBXGroup;
			children = (
			);
			path = Root;
			sourceTree = "<group>";
		};
		458AF4D02A7D31A4004C3376 /* Profile */ = {
			isa = PBXGroup;
			children = (
				458AF4D62A7D33FB004C3376 /* ProfileView.swift */,
			);
			path = Profile;
			sourceTree = "<group>";
		};
		458AF4D12A7D31A6004C3376 /* Feed */ = {
			isa = PBXGroup;
			children = (
				458AF4DC2A7D4138004C3376 /* FeedView.swift */,
				458AF4DE2A7D4140004C3376 /* FeedCell.swift */,
			);
			path = Feed;
			sourceTree = "<group>";
		};
		458AF4D22A7D31CD004C3376 /* UploadPost */ = {
			isa = PBXGroup;
			children = (
			);
			path = UploadPost;
			sourceTree = "<group>";
		};
		458AF4D32A7D31CF004C3376 /* TabBar */ = {
			isa = PBXGroup;
			children = (
				458AF4D42A7D3294004C3376 /* MainTabView.swift */,
			);
			path = TabBar;
			sourceTree = "<group>";
		};
		458AF4D82A7D3C39004C3376 /* Components */ = {
			isa = PBXGroup;
			children = (
				458AF4DA2A7D3CA6004C3376 /* UserStatView.swift */,
			);
			path = Components;
			sourceTree = "<group>";
		};
/* End PBXGroup section */

/* Begin PBXNativeTarget section */
		458AF4B22A7D30FF004C3376 /* Instaclone */ = {
			isa = PBXNativeTarget;
			buildConfigurationList = 458AF4C12A7D3100004C3376 /* Build configuration list for PBXNativeTarget "Instaclone" */;
			buildPhases = (
				458AF4AF2A7D30FF004C3376 /* Sources */,
				458AF4B02A7D30FF004C3376 /* Frameworks */,
				458AF4B12A7D30FF004C3376 /* Resources */,
			);
			buildRules = (
			);
			dependencies = (
			);
			name = Instaclone;
			productName = Instaclone;
			productReference = 458AF4B32A7D30FF004C3376 /* Instaclone.app */;
			productType = "com.apple.product-type.application";
		};
/* End PBXNativeTarget section */

/* Begin PBXProject section */
		458AF4AB2A7D30FF004C3376 /* Project object */ = {
			isa = PBXProject;
			attributes = {
				BuildIndependentTargetsInParallel = 1;
				LastSwiftUpdateCheck = 1430;
				LastUpgradeCheck = 1430;
				TargetAttributes = {
					458AF4B22A7D30FF004C3376 = {
						CreatedOnToolsVersion = 14.3;
					};
				};
			};
			buildConfigurationList = 458AF4AE2A7D30FF004C3376 /* Build configuration list for PBXProject "Instaclone" */;
			compatibilityVersion = "Xcode 14.0";
			developmentRegion = en;
			hasScannedForEncodings = 0;
			knownRegions = (
				en,
				Base,
			);
			mainGroup = 458AF4AA2A7D30FF004C3376;
			productRefGroup = 458AF4B42A7D30FF004C3376 /* Products */;
			projectDirPath = "";
			projectRoot = "";
			targets = (
				458AF4B22A7D30FF004C3376 /* Instaclone */,
			);
		};
/* End PBXProject section */

/* Begin PBXResourcesBuildPhase section */
		458AF4B12A7D30FF004C3376 /* Resources */ = {
			isa = PBXResourcesBuildPhase;
			buildActionMask = 2147483647;
			files = (
				458AF4BE2A7D3100004C3376 /* Preview Assets.xcassets in Resources */,
				458AF4BB2A7D3100004C3376 /* Assets.xcassets in Resources */,
			);
			runOnlyForDeploymentPostprocessing = 0;
		};
/* End PBXResourcesBuildPhase section */

/* Begin PBXSourcesBuildPhase section */
		458AF4AF2A7D30FF004C3376 /* Sources */ = {
			isa = PBXSourcesBuildPhase;
			buildActionMask = 2147483647;
			files = (
				458AF4DF2A7D4140004C3376 /* FeedCell.swift in Sources */,
				458AF4D72A7D33FB004C3376 /* ProfileView.swift in Sources */,
				458AF4B92A7D30FF004C3376 /* ContentView.swift in Sources */,
				458AF4B72A7D30FF004C3376 /* InstacloneApp.swift in Sources */,
				458AF4DB2A7D3CA6004C3376 /* UserStatView.swift in Sources */,
				458AF4DD2A7D4138004C3376 /* FeedView.swift in Sources */,
				458AF4D52A7D3294004C3376 /* MainTabView.swift in Sources */,
			);
			runOnlyForDeploymentPostprocessing = 0;
		};
/* End PBXSourcesBuildPhase section */

/* Begin XCBuildConfiguration section */
		458AF4BF2A7D3100004C3376 /* Debug */ = {
			isa = XCBuildConfiguration;
			buildSettings = {
				ALWAYS_SEARCH_USER_PATHS = NO;
				CLANG_ANALYZER_NONNULL = YES;
				CLANG_ANALYZER_NUMBER_OBJECT_CONVERSION = YES_AGGRESSIVE;
				CLANG_CXX_LANGUAGE_STANDARD = "gnu++20";
				CLANG_ENABLE_MODULES = YES;
				CLANG_ENABLE_OBJC_ARC = YES;
				CLANG_ENABLE_OBJC_WEAK = YES;
				CLANG_WARN_BLOCK_CAPTURE_AUTORELEASING = YES;
				CLANG_WARN_BOOL_CONVERSION = YES;
				CLANG_WARN_COMMA = YES;
				CLANG_WARN_CONSTANT_CONVERSION = YES;
				CLANG_WARN_DEPRECATED_OBJC_IMPLEMENTATIONS = YES;
				CLANG_WARN_DIRECT_OBJC_ISA_USAGE = YES_ERROR;
				CLANG_WARN_DOCUMENTATION_COMMENTS = YES;
				CLANG_WARN_EMPTY_BODY = YES;
				CLANG_WARN_ENUM_CONVERSION = YES;
				CLANG_WARN_INFINITE_RECURSION = YES;
				CLANG_WARN_INT_CONVERSION = YES;
				CLANG_WARN_NON_LITERAL_NULL_CONVERSION = YES;
				CLANG_WARN_OBJC_IMPLICIT_RETAIN_SELF = YES;
				CLANG_WARN_OBJC_LITERAL_CONVERSION = YES;
				CLANG_WARN_OBJC_ROOT_CLASS = YES_ERROR;
				CLANG_WARN_QUOTED_INCLUDE_IN_FRAMEWORK_HEADER = YES;
				CLANG_WARN_RANGE_LOOP_ANALYSIS = YES;
				CLANG_WARN_STRICT_PROTOTYPES = YES;
				CLANG_WARN_SUSPICIOUS_MOVE = YES;
				CLANG_WARN_UNGUARDED_AVAILABILITY = YES_AGGRESSIVE;
				CLANG_WARN_UNREACHABLE_CODE = YES;
				CLANG_WARN__DUPLICATE_METHOD_MATCH = YES;
				COPY_PHASE_STRIP = NO;
				DEBUG_INFORMATION_FORMAT = dwarf;
				ENABLE_STRICT_OBJC_MSGSEND = YES;
				ENABLE_TESTABILITY = YES;
				GCC_C_LANGUAGE_STANDARD = gnu11;
				GCC_DYNAMIC_NO_PIC = NO;
				GCC_NO_COMMON_BLOCKS = YES;
				GCC_OPTIMIZATION_LEVEL = 0;
				GCC_PREPROCESSOR_DEFINITIONS = (
					"DEBUG=1",
					"$(inherited)",
				);
				GCC_WARN_64_TO_32_BIT_CONVERSION = YES;
				GCC_WARN_ABOUT_RETURN_TYPE = YES_ERROR;
				GCC_WARN_UNDECLARED_SELECTOR = YES;
				GCC_WARN_UNINITIALIZED_AUTOS = YES_AGGRESSIVE;
				GCC_WARN_UNUSED_FUNCTION = YES;
				GCC_WARN_UNUSED_VARIABLE = YES;
				IPHONEOS_DEPLOYMENT_TARGET = 16.4;
				MTL_ENABLE_DEBUG_INFO = INCLUDE_SOURCE;
				MTL_FAST_MATH = YES;
				ONLY_ACTIVE_ARCH = YES;
				SDKROOT = iphoneos;
				SWIFT_ACTIVE_COMPILATION_CONDITIONS = DEBUG;
				SWIFT_OPTIMIZATION_LEVEL = "-Onone";
			};
			name = Debug;
		};
		458AF4C02A7D3100004C3376 /* Release */ = {
			isa = XCBuildConfiguration;
			buildSettings = {
				ALWAYS_SEARCH_USER_PATHS = NO;
				CLANG_ANALYZER_NONNULL = YES;
				CLANG_ANALYZER_NUMBER_OBJECT_CONVERSION = YES_AGGRESSIVE;
				CLANG_CXX_LANGUAGE_STANDARD = "gnu++20";
				CLANG_ENABLE_MODULES = YES;
				CLANG_ENABLE_OBJC_ARC = YES;
				CLANG_ENABLE_OBJC_WEAK = YES;
				CLANG_WARN_BLOCK_CAPTURE_AUTORELEASING = YES;
				CLANG_WARN_BOOL_CONVERSION = YES;
				CLANG_WARN_COMMA = YES;
				CLANG_WARN_CONSTANT_CONVERSION = YES;
				CLANG_WARN_DEPRECATED_OBJC_IMPLEMENTATIONS = YES;
				CLANG_WARN_DIRECT_OBJC_ISA_USAGE = YES_ERROR;
				CLANG_WARN_DOCUMENTATION_COMMENTS = YES;
				CLANG_WARN_EMPTY_BODY = YES;
				CLANG_WARN_ENUM_CONVERSION = YES;
				CLANG_WARN_INFINITE_RECURSION = YES;
				CLANG_WARN_INT_CONVERSION = YES;
				CLANG_WARN_NON_LITERAL_NULL_CONVERSION = YES;
				CLANG_WARN_OBJC_IMPLICIT_RETAIN_SELF = YES;
				CLANG_WARN_OBJC_LITERAL_CONVERSION = YES;
				CLANG_WARN_OBJC_ROOT_CLASS = YES_ERROR;
				CLANG_WARN_QUOTED_INCLUDE_IN_FRAMEWORK_HEADER = YES;
				CLANG_WARN_RANGE_LOOP_ANALYSIS = YES;
				CLANG_WARN_STRICT_PROTOTYPES = YES;
				CLANG_WARN_SUSPICIOUS_MOVE = YES;
				CLANG_WARN_UNGUARDED_AVAILABILITY = YES_AGGRESSIVE;
				CLANG_WARN_UNREACHABLE_CODE = YES;
				CLANG_WARN__DUPLICATE_METHOD_MATCH = YES;
				COPY_PHASE_STRIP = NO;
				DEBUG_INFORMATION_FORMAT = "dwarf-with-dsym";
				ENABLE_NS_ASSERTIONS = NO;
				ENABLE_STRICT_OBJC_MSGSEND = YES;
				GCC_C_LANGUAGE_STANDARD = gnu11;
				GCC_NO_COMMON_BLOCKS = YES;
				GCC_WARN_64_TO_32_BIT_CONVERSION = YES;
				GCC_WARN_ABOUT_RETURN_TYPE = YES_ERROR;
				GCC_WARN_UNDECLARED_SELECTOR = YES;
				GCC_WARN_UNINITIALIZED_AUTOS = YES_AGGRESSIVE;
				GCC_WARN_UNUSED_FUNCTION = YES;
				GCC_WARN_UNUSED_VARIABLE = YES;
				IPHONEOS_DEPLOYMENT_TARGET = 16.4;
				MTL_ENABLE_DEBUG_INFO = NO;
				MTL_FAST_MATH = YES;
				SDKROOT = iphoneos;
				SWIFT_COMPILATION_MODE = wholemodule;
				SWIFT_OPTIMIZATION_LEVEL = "-O";
				VALIDATE_PRODUCT = YES;
			};
			name = Release;
		};
		458AF4C22A7D3100004C3376 /* Debug */ = {
			isa = XCBuildConfiguration;
			buildSettings = {
				ASSETCATALOG_COMPILER_APPICON_NAME = AppIcon;
				ASSETCATALOG_COMPILER_GLOBAL_ACCENT_COLOR_NAME = AccentColor;
				CODE_SIGN_STYLE = Automatic;
				CURRENT_PROJECT_VERSION = 1;
				DEVELOPMENT_ASSET_PATHS = "\"Instaclone/Preview Content\"";
				DEVELOPMENT_TEAM = 36J8GH24RS;
				ENABLE_PREVIEWS = YES;
				GENERATE_INFOPLIST_FILE = YES;
				INFOPLIST_KEY_UIApplicationSceneManifest_Generation = YES;
				INFOPLIST_KEY_UIApplicationSupportsIndirectInputEvents = YES;
				INFOPLIST_KEY_UILaunchScreen_Generation = YES;
				INFOPLIST_KEY_UISupportedInterfaceOrientations_iPad = "UIInterfaceOrientationPortrait UIInterfaceOrientationPortraitUpsideDown UIInterfaceOrientationLandscapeLeft UIInterfaceOrientationLandscapeRight";
				INFOPLIST_KEY_UISupportedInterfaceOrientations_iPhone = "UIInterfaceOrientationPortrait UIInterfaceOrientationLandscapeLeft UIInterfaceOrientationLandscapeRight";
				LD_RUNPATH_SEARCH_PATHS = (
					"$(inherited)",
					"@executable_path/Frameworks",
				);
				MARKETING_VERSION = 1.0;
				PRODUCT_BUNDLE_IDENTIFIER = com.orisraeli.Instaclone;
				PRODUCT_NAME = "$(TARGET_NAME)";
				SWIFT_EMIT_LOC_STRINGS = YES;
				SWIFT_VERSION = 5.0;
				TARGETED_DEVICE_FAMILY = "1,2";
			};
			name = Debug;
		};
		458AF4C32A7D3100004C3376 /* Release */ = {
			isa = XCBuildConfiguration;
			buildSettings = {
				ASSETCATALOG_COMPILER_APPICON_NAME = AppIcon;
				ASSETCATALOG_COMPILER_GLOBAL_ACCENT_COLOR_NAME = AccentColor;
				CODE_SIGN_STYLE = Automatic;
				CURRENT_PROJECT_VERSION = 1;
				DEVELOPMENT_ASSET_PATHS = "\"Instaclone/Preview Content\"";
				DEVELOPMENT_TEAM = 36J8GH24RS;
				ENABLE_PREVIEWS = YES;
				GENERATE_INFOPLIST_FILE = YES;
				INFOPLIST_KEY_UIApplicationSceneManifest_Generation = YES;
				INFOPLIST_KEY_UIApplicationSupportsIndirectInputEvents = YES;
				INFOPLIST_KEY_UILaunchScreen_Generation = YES;
				INFOPLIST_KEY_UISupportedInterfaceOrientations_iPad = "UIInterfaceOrientationPortrait UIInterfaceOrientationPortraitUpsideDown UIInterfaceOrientationLandscapeLeft UIInterfaceOrientationLandscapeRight";
				INFOPLIST_KEY_UISupportedInterfaceOrientations_iPhone = "UIInterfaceOrientationPortrait UIInterfaceOrientationLandscapeLeft UIInterfaceOrientationLandscapeRight";
				LD_RUNPATH_SEARCH_PATHS = (
					"$(inherited)",
					"@executable_path/Frameworks",
				);
				MARKETING_VERSION = 1.0;
				PRODUCT_BUNDLE_IDENTIFIER = com.orisraeli.Instaclone;
				PRODUCT_NAME = "$(TARGET_NAME)";
				SWIFT_EMIT_LOC_STRINGS = YES;
				SWIFT_VERSION = 5.0;
				TARGETED_DEVICE_FAMILY = "1,2";
			};
			name = Release;
		};
/* End XCBuildConfiguration section */

/* Begin XCConfigurationList section */
		458AF4AE2A7D30FF004C3376 /* Build configuration list for PBXProject "Instaclone" */ = {
			isa = XCConfigurationList;
			buildConfigurations = (
				458AF4BF2A7D3100004C3376 /* Debug */,
				458AF4C02A7D3100004C3376 /* Release */,
			);
			defaultConfigurationIsVisible = 0;
			defaultConfigurationName = Release;
		};
		458AF4C12A7D3100004C3376 /* Build configuration list for PBXNativeTarget "Instaclone" */ = {
			isa = XCConfigurationList;
			buildConfigurations = (
				458AF4C22A7D3100004C3376 /* Debug */,
				458AF4C32A7D3100004C3376 /* Release */,
			);
			defaultConfigurationIsVisible = 0;
			defaultConfigurationName = Release;
		};
/* End XCConfigurationList section */
	};
	rootObject = 458AF4AB2A7D30FF004C3376 /* Project object */;
}
