// !$*UTF8*$!
{
	archiveVersion = 1;
	classes = {
	};
	objectVersion = 56;
	objects = {

/* Begin PBXBuildFile section */
		450CF5C62A83DC5F00F7D57A /* GoogleService-Info.plist in Resources */ = {isa = PBXBuildFile; fileRef = 450CF5C52A83DC5F00F7D57A /* GoogleService-Info.plist */; };
		450CF5C92A83DD7100F7D57A /* FirebaseAuth in Frameworks */ = {isa = PBXBuildFile; productRef = 450CF5C82A83DD7100F7D57A /* FirebaseAuth */; };
		450CF5CB2A83DD7100F7D57A /* FirebaseFirestore in Frameworks */ = {isa = PBXBuildFile; productRef = 450CF5CA2A83DD7100F7D57A /* FirebaseFirestore */; };
		450CF5CD2A83DD7100F7D57A /* FirebaseFirestoreSwift in Frameworks */ = {isa = PBXBuildFile; productRef = 450CF5CC2A83DD7100F7D57A /* FirebaseFirestoreSwift */; };
		450CF5CF2A83DD7100F7D57A /* FirebaseStorage in Frameworks */ = {isa = PBXBuildFile; productRef = 450CF5CE2A83DD7100F7D57A /* FirebaseStorage */; };
		450CF5D32A83DF6900F7D57A /* AuthService.swift in Sources */ = {isa = PBXBuildFile; fileRef = 450CF5D22A83DF6900F7D57A /* AuthService.swift */; };
		450CF5D52A83E14200F7D57A /* ContentViewModel.swift in Sources */ = {isa = PBXBuildFile; fileRef = 450CF5D42A83E14200F7D57A /* ContentViewModel.swift */; };
		450CF5DC2A83E4A200F7D57A /* RegistrationViewModel.swift in Sources */ = {isa = PBXBuildFile; fileRef = 450CF5DB2A83E4A200F7D57A /* RegistrationViewModel.swift */; };
		450CF5DE2A83EEB800F7D57A /* ProfileViewModel.swift in Sources */ = {isa = PBXBuildFile; fileRef = 450CF5DD2A83EEB800F7D57A /* ProfileViewModel.swift */; };
		450CF5E22A83F11D00F7D57A /* LoginViewMode.swift in Sources */ = {isa = PBXBuildFile; fileRef = 450CF5E12A83F11D00F7D57A /* LoginViewMode.swift */; };
		458AF4B72A7D30FF004C3376 /* InstacloneApp.swift in Sources */ = {isa = PBXBuildFile; fileRef = 458AF4B62A7D30FF004C3376 /* InstacloneApp.swift */; };
		458AF4B92A7D30FF004C3376 /* ContentView.swift in Sources */ = {isa = PBXBuildFile; fileRef = 458AF4B82A7D30FF004C3376 /* ContentView.swift */; };
		458AF4BB2A7D3100004C3376 /* Assets.xcassets in Resources */ = {isa = PBXBuildFile; fileRef = 458AF4BA2A7D3100004C3376 /* Assets.xcassets */; };
		458AF4BE2A7D3100004C3376 /* Preview Assets.xcassets in Resources */ = {isa = PBXBuildFile; fileRef = 458AF4BD2A7D3100004C3376 /* Preview Assets.xcassets */; };
		458AF4D52A7D3294004C3376 /* MainTabView.swift in Sources */ = {isa = PBXBuildFile; fileRef = 458AF4D42A7D3294004C3376 /* MainTabView.swift */; };
		458AF4D72A7D33FB004C3376 /* ProfileView.swift in Sources */ = {isa = PBXBuildFile; fileRef = 458AF4D62A7D33FB004C3376 /* ProfileView.swift */; };
		458AF4DB2A7D3CA6004C3376 /* UserStatView.swift in Sources */ = {isa = PBXBuildFile; fileRef = 458AF4DA2A7D3CA6004C3376 /* UserStatView.swift */; };
		458AF4DD2A7D4138004C3376 /* FeedView.swift in Sources */ = {isa = PBXBuildFile; fileRef = 458AF4DC2A7D4138004C3376 /* FeedView.swift */; };
		458AF4DF2A7D4140004C3376 /* FeedCell.swift in Sources */ = {isa = PBXBuildFile; fileRef = 458AF4DE2A7D4140004C3376 /* FeedCell.swift */; };
		458AF4E32A7D5B54004C3376 /* SearchView.swift in Sources */ = {isa = PBXBuildFile; fileRef = 458AF4E22A7D5B54004C3376 /* SearchView.swift */; };
		458AF4E52A7D628A004C3376 /* LoginView.swift in Sources */ = {isa = PBXBuildFile; fileRef = 458AF4E42A7D628A004C3376 /* LoginView.swift */; };
		458AF4E72A823EA7004C3376 /* AddEmailView.swift in Sources */ = {isa = PBXBuildFile; fileRef = 458AF4E62A823EA7004C3376 /* AddEmailView.swift */; };
		458AF4E92A824309004C3376 /* ICTextField.swift in Sources */ = {isa = PBXBuildFile; fileRef = 458AF4E82A824309004C3376 /* ICTextField.swift */; };
		458AF4EB2A824543004C3376 /* CreateUsernameView.swift in Sources */ = {isa = PBXBuildFile; fileRef = 458AF4EA2A824543004C3376 /* CreateUsernameView.swift */; };
		458AF4EF2A824D75004C3376 /* CreatePasswordView.swift in Sources */ = {isa = PBXBuildFile; fileRef = 458AF4EE2A824D75004C3376 /* CreatePasswordView.swift */; };
		458AF4F12A824E77004C3376 /* CompleteSignUpView.swift in Sources */ = {isa = PBXBuildFile; fileRef = 458AF4F02A824E77004C3376 /* CompleteSignUpView.swift */; };
		458AF4F32A825065004C3376 /* User.swift in Sources */ = {isa = PBXBuildFile; fileRef = 458AF4F22A825065004C3376 /* User.swift */; };
		458AF4F52A825979004C3376 /* CurrentUserProfileView.swift in Sources */ = {isa = PBXBuildFile; fileRef = 458AF4F42A825979004C3376 /* CurrentUserProfileView.swift */; };
		458AF4F72A825B41004C3376 /* Post.swift in Sources */ = {isa = PBXBuildFile; fileRef = 458AF4F62A825B41004C3376 /* Post.swift */; };
		458AF4F92A826A49004C3376 /* PostsGridView.swift in Sources */ = {isa = PBXBuildFile; fileRef = 458AF4F82A826A49004C3376 /* PostsGridView.swift */; };
		458AF4FB2A826BB2004C3376 /* ProfileHeaderView.swift in Sources */ = {isa = PBXBuildFile; fileRef = 458AF4FA2A826BB2004C3376 /* ProfileHeaderView.swift */; };
		458AF4FD2A826E52004C3376 /* PostHeaderView.swift in Sources */ = {isa = PBXBuildFile; fileRef = 458AF4FC2A826E52004C3376 /* PostHeaderView.swift */; };
		458AF4FF2A8272E0004C3376 /* UploadPostView.swift in Sources */ = {isa = PBXBuildFile; fileRef = 458AF4FE2A8272E0004C3376 /* UploadPostView.swift */; };
		458AF5012A82766D004C3376 /* UploadPostViewModel.swift in Sources */ = {isa = PBXBuildFile; fileRef = 458AF5002A82766D004C3376 /* UploadPostViewModel.swift */; };
		458AF5032A84F52C004C3376 /* UserService.swift in Sources */ = {isa = PBXBuildFile; fileRef = 458AF5022A84F52C004C3376 /* UserService.swift */; };
		458AF5072A84F60A004C3376 /* SearchViewModel.swift in Sources */ = {isa = PBXBuildFile; fileRef = 458AF5062A84F60A004C3376 /* SearchViewModel.swift */; };
		458AF5092A850425004C3376 /* EditProfileView.swift in Sources */ = {isa = PBXBuildFile; fileRef = 458AF5082A850425004C3376 /* EditProfileView.swift */; };
		458AF50B2A850640004C3376 /* EditProfileViewModel.swift in Sources */ = {isa = PBXBuildFile; fileRef = 458AF50A2A850640004C3376 /* EditProfileViewModel.swift */; };
		4595B6EC2A8677F700FF318B /* EditProfileRowView.swift in Sources */ = {isa = PBXBuildFile; fileRef = 4595B6EB2A8677F700FF318B /* EditProfileRowView.swift */; };
		4595B6EE2A86830900FF318B /* ImageUploader.swift in Sources */ = {isa = PBXBuildFile; fileRef = 4595B6ED2A86830900FF318B /* ImageUploader.swift */; };
/* End PBXBuildFile section */

/* Begin PBXFileReference section */
		450CF5C52A83DC5F00F7D57A /* GoogleService-Info.plist */ = {isa = PBXFileReference; fileEncoding = 4; lastKnownFileType = text.plist.xml; path = "GoogleService-Info.plist"; sourceTree = "<group>"; };
		450CF5D22A83DF6900F7D57A /* AuthService.swift */ = {isa = PBXFileReference; lastKnownFileType = sourcecode.swift; path = AuthService.swift; sourceTree = "<group>"; };
		450CF5D42A83E14200F7D57A /* ContentViewModel.swift */ = {isa = PBXFileReference; lastKnownFileType = sourcecode.swift; path = ContentViewModel.swift; sourceTree = "<group>"; };
		450CF5DB2A83E4A200F7D57A /* RegistrationViewModel.swift */ = {isa = PBXFileReference; lastKnownFileType = sourcecode.swift; path = RegistrationViewModel.swift; sourceTree = "<group>"; };
		450CF5DD2A83EEB800F7D57A /* ProfileViewModel.swift */ = {isa = PBXFileReference; lastKnownFileType = sourcecode.swift; path = ProfileViewModel.swift; sourceTree = "<group>"; };
		450CF5E12A83F11D00F7D57A /* LoginViewMode.swift */ = {isa = PBXFileReference; lastKnownFileType = sourcecode.swift; path = LoginViewMode.swift; sourceTree = "<group>"; };
		458AF4B32A7D30FF004C3376 /* Instaclone.app */ = {isa = PBXFileReference; explicitFileType = wrapper.application; includeInIndex = 0; path = Instaclone.app; sourceTree = BUILT_PRODUCTS_DIR; };
		458AF4B62A7D30FF004C3376 /* InstacloneApp.swift */ = {isa = PBXFileReference; lastKnownFileType = sourcecode.swift; path = InstacloneApp.swift; sourceTree = "<group>"; };
		458AF4B82A7D30FF004C3376 /* ContentView.swift */ = {isa = PBXFileReference; lastKnownFileType = sourcecode.swift; path = ContentView.swift; sourceTree = "<group>"; };
		458AF4BA2A7D3100004C3376 /* Assets.xcassets */ = {isa = PBXFileReference; lastKnownFileType = folder.assetcatalog; path = Assets.xcassets; sourceTree = "<group>"; };
		458AF4BD2A7D3100004C3376 /* Preview Assets.xcassets */ = {isa = PBXFileReference; lastKnownFileType = folder.assetcatalog; path = "Preview Assets.xcassets"; sourceTree = "<group>"; };
		458AF4D42A7D3294004C3376 /* MainTabView.swift */ = {isa = PBXFileReference; lastKnownFileType = sourcecode.swift; path = MainTabView.swift; sourceTree = "<group>"; };
		458AF4D62A7D33FB004C3376 /* ProfileView.swift */ = {isa = PBXFileReference; lastKnownFileType = sourcecode.swift; path = ProfileView.swift; sourceTree = "<group>"; };
		458AF4DA2A7D3CA6004C3376 /* UserStatView.swift */ = {isa = PBXFileReference; lastKnownFileType = sourcecode.swift; path = UserStatView.swift; sourceTree = "<group>"; };
		458AF4DC2A7D4138004C3376 /* FeedView.swift */ = {isa = PBXFileReference; lastKnownFileType = sourcecode.swift; path = FeedView.swift; sourceTree = "<group>"; };
		458AF4DE2A7D4140004C3376 /* FeedCell.swift */ = {isa = PBXFileReference; lastKnownFileType = sourcecode.swift; path = FeedCell.swift; sourceTree = "<group>"; };
		458AF4E22A7D5B54004C3376 /* SearchView.swift */ = {isa = PBXFileReference; lastKnownFileType = sourcecode.swift; path = SearchView.swift; sourceTree = "<group>"; };
		458AF4E42A7D628A004C3376 /* LoginView.swift */ = {isa = PBXFileReference; lastKnownFileType = sourcecode.swift; path = LoginView.swift; sourceTree = "<group>"; };
		458AF4E62A823EA7004C3376 /* AddEmailView.swift */ = {isa = PBXFileReference; lastKnownFileType = sourcecode.swift; path = AddEmailView.swift; sourceTree = "<group>"; };
		458AF4E82A824309004C3376 /* ICTextField.swift */ = {isa = PBXFileReference; lastKnownFileType = sourcecode.swift; path = ICTextField.swift; sourceTree = "<group>"; };
		458AF4EA2A824543004C3376 /* CreateUsernameView.swift */ = {isa = PBXFileReference; lastKnownFileType = sourcecode.swift; path = CreateUsernameView.swift; sourceTree = "<group>"; };
		458AF4EE2A824D75004C3376 /* CreatePasswordView.swift */ = {isa = PBXFileReference; lastKnownFileType = sourcecode.swift; path = CreatePasswordView.swift; sourceTree = "<group>"; };
		458AF4F02A824E77004C3376 /* CompleteSignUpView.swift */ = {isa = PBXFileReference; lastKnownFileType = sourcecode.swift; path = CompleteSignUpView.swift; sourceTree = "<group>"; };
		458AF4F22A825065004C3376 /* User.swift */ = {isa = PBXFileReference; lastKnownFileType = sourcecode.swift; path = User.swift; sourceTree = "<group>"; };
		458AF4F42A825979004C3376 /* CurrentUserProfileView.swift */ = {isa = PBXFileReference; lastKnownFileType = sourcecode.swift; path = CurrentUserProfileView.swift; sourceTree = "<group>"; };
		458AF4F62A825B41004C3376 /* Post.swift */ = {isa = PBXFileReference; lastKnownFileType = sourcecode.swift; path = Post.swift; sourceTree = "<group>"; };
		458AF4F82A826A49004C3376 /* PostsGridView.swift */ = {isa = PBXFileReference; lastKnownFileType = sourcecode.swift; path = PostsGridView.swift; sourceTree = "<group>"; };
		458AF4FA2A826BB2004C3376 /* ProfileHeaderView.swift */ = {isa = PBXFileReference; lastKnownFileType = sourcecode.swift; path = ProfileHeaderView.swift; sourceTree = "<group>"; };
		458AF4FC2A826E52004C3376 /* PostHeaderView.swift */ = {isa = PBXFileReference; lastKnownFileType = sourcecode.swift; path = PostHeaderView.swift; sourceTree = "<group>"; };
		458AF4FE2A8272E0004C3376 /* UploadPostView.swift */ = {isa = PBXFileReference; lastKnownFileType = sourcecode.swift; path = UploadPostView.swift; sourceTree = "<group>"; };
		458AF5002A82766D004C3376 /* UploadPostViewModel.swift */ = {isa = PBXFileReference; lastKnownFileType = sourcecode.swift; path = UploadPostViewModel.swift; sourceTree = "<group>"; };
		458AF5022A84F52C004C3376 /* UserService.swift */ = {isa = PBXFileReference; lastKnownFileType = sourcecode.swift; path = UserService.swift; sourceTree = "<group>"; };
		458AF5062A84F60A004C3376 /* SearchViewModel.swift */ = {isa = PBXFileReference; lastKnownFileType = sourcecode.swift; path = SearchViewModel.swift; sourceTree = "<group>"; };
		458AF5082A850425004C3376 /* EditProfileView.swift */ = {isa = PBXFileReference; lastKnownFileType = sourcecode.swift; path = EditProfileView.swift; sourceTree = "<group>"; };
		458AF50A2A850640004C3376 /* EditProfileViewModel.swift */ = {isa = PBXFileReference; lastKnownFileType = sourcecode.swift; path = EditProfileViewModel.swift; sourceTree = "<group>"; };
		4595B6EB2A8677F700FF318B /* EditProfileRowView.swift */ = {isa = PBXFileReference; lastKnownFileType = sourcecode.swift; path = EditProfileRowView.swift; sourceTree = "<group>"; };
		4595B6ED2A86830900FF318B /* ImageUploader.swift */ = {isa = PBXFileReference; lastKnownFileType = sourcecode.swift; path = ImageUploader.swift; sourceTree = "<group>"; };
/* End PBXFileReference section */

/* Begin PBXFrameworksBuildPhase section */
		458AF4B02A7D30FF004C3376 /* Frameworks */ = {
			isa = PBXFrameworksBuildPhase;
			buildActionMask = 2147483647;
			files = (
				450CF5C92A83DD7100F7D57A /* FirebaseAuth in Frameworks */,
				450CF5CF2A83DD7100F7D57A /* FirebaseStorage in Frameworks */,
				450CF5CB2A83DD7100F7D57A /* FirebaseFirestore in Frameworks */,
				450CF5CD2A83DD7100F7D57A /* FirebaseFirestoreSwift in Frameworks */,
			);
			runOnlyForDeploymentPostprocessing = 0;
		};
/* End PBXFrameworksBuildPhase section */

/* Begin PBXGroup section */
		450CF5D02A83DF4000F7D57A /* View */ = {
			isa = PBXGroup;
			children = (
				458AF4E42A7D628A004C3376 /* LoginView.swift */,
				458AF4E62A823EA7004C3376 /* AddEmailView.swift */,
				458AF4EA2A824543004C3376 /* CreateUsernameView.swift */,
				458AF4EE2A824D75004C3376 /* CreatePasswordView.swift */,
				458AF4F02A824E77004C3376 /* CompleteSignUpView.swift */,
			);
			path = View;
			sourceTree = "<group>";
		};
		450CF5D12A83DF5400F7D57A /* Service */ = {
			isa = PBXGroup;
			children = (
				450CF5D22A83DF6900F7D57A /* AuthService.swift */,
			);
			path = Service;
			sourceTree = "<group>";
		};
		450CF5D62A83E42900F7D57A /* View */ = {
			isa = PBXGroup;
			children = (
				458AF4B82A7D30FF004C3376 /* ContentView.swift */,
			);
			path = View;
			sourceTree = "<group>";
		};
		450CF5D72A83E43300F7D57A /* ViewModel */ = {
			isa = PBXGroup;
			children = (
				450CF5D42A83E14200F7D57A /* ContentViewModel.swift */,
			);
			path = ViewModel;
			sourceTree = "<group>";
		};
		450CF5D82A83E44F00F7D57A /* View */ = {
			isa = PBXGroup;
			children = (
				458AF4FE2A8272E0004C3376 /* UploadPostView.swift */,
			);
			path = View;
			sourceTree = "<group>";
		};
		450CF5D92A83E45000F7D57A /* ViewModel */ = {
			isa = PBXGroup;
			children = (
				458AF5002A82766D004C3376 /* UploadPostViewModel.swift */,
			);
			path = ViewModel;
			sourceTree = "<group>";
		};
		450CF5DA2A83E48300F7D57A /* ViewModel */ = {
			isa = PBXGroup;
			children = (
				450CF5DB2A83E4A200F7D57A /* RegistrationViewModel.swift */,
				450CF5E12A83F11D00F7D57A /* LoginViewMode.swift */,
			);
			path = ViewModel;
			sourceTree = "<group>";
		};
		450CF5DF2A83EEBB00F7D57A /* View */ = {
			isa = PBXGroup;
			children = (
				458AF4D62A7D33FB004C3376 /* ProfileView.swift */,
				458AF4F42A825979004C3376 /* CurrentUserProfileView.swift */,
				458AF4FA2A826BB2004C3376 /* ProfileHeaderView.swift */,
				458AF5082A850425004C3376 /* EditProfileView.swift */,
				4595B6EB2A8677F700FF318B /* EditProfileRowView.swift */,
			);
			path = View;
			sourceTree = "<group>";
		};
		450CF5E02A83EEC000F7D57A /* ViewModel */ = {
			isa = PBXGroup;
			children = (
				450CF5DD2A83EEB800F7D57A /* ProfileViewModel.swift */,
				458AF50A2A850640004C3376 /* EditProfileViewModel.swift */,
			);
			path = ViewModel;
			sourceTree = "<group>";
		};
		458AF4AA2A7D30FF004C3376 = {
			isa = PBXGroup;
			children = (
				458AF4B52A7D30FF004C3376 /* Instaclone */,
				458AF4B42A7D30FF004C3376 /* Products */,
			);
			sourceTree = "<group>";
		};
		458AF4B42A7D30FF004C3376 /* Products */ = {
			isa = PBXGroup;
			children = (
				458AF4B32A7D30FF004C3376 /* Instaclone.app */,
			);
			name = Products;
			sourceTree = "<group>";
		};
		458AF4B52A7D30FF004C3376 /* Instaclone */ = {
			isa = PBXGroup;
			children = (
				458AF4C42A7D3137004C3376 /* App */,
				458AF4CC2A7D3177004C3376 /* Core */,
				458AF4CB2A7D3175004C3376 /* Extensions */,
				458AF4CA2A7D3173004C3376 /* Model */,
				458AF4C92A7D3171004C3376 /* Services */,
				450CF5C52A83DC5F00F7D57A /* GoogleService-Info.plist */,
				458AF4BA2A7D3100004C3376 /* Assets.xcassets */,
				458AF4BC2A7D3100004C3376 /* Preview Content */,
			);
			path = Instaclone;
			sourceTree = "<group>";
		};
		458AF4BC2A7D3100004C3376 /* Preview Content */ = {
			isa = PBXGroup;
			children = (
				458AF4BD2A7D3100004C3376 /* Preview Assets.xcassets */,
			);
			path = "Preview Content";
			sourceTree = "<group>";
		};
		458AF4C42A7D3137004C3376 /* App */ = {
			isa = PBXGroup;
			children = (
				458AF4B62A7D30FF004C3376 /* InstacloneApp.swift */,
			);
			path = App;
			sourceTree = "<group>";
		};
		458AF4C92A7D3171004C3376 /* Services */ = {
			isa = PBXGroup;
			children = (
				458AF5022A84F52C004C3376 /* UserService.swift */,
				4595B6ED2A86830900FF318B /* ImageUploader.swift */,
			);
			path = Services;
			sourceTree = "<group>";
		};
		458AF4CA2A7D3173004C3376 /* Model */ = {
			isa = PBXGroup;
			children = (
				458AF4F22A825065004C3376 /* User.swift */,
				458AF4F62A825B41004C3376 /* Post.swift */,
			);
			path = Model;
			sourceTree = "<group>";
		};
		458AF4CB2A7D3175004C3376 /* Extensions */ = {
			isa = PBXGroup;
			children = (
			);
			path = Extensions;
			sourceTree = "<group>";
		};
		458AF4CC2A7D3177004C3376 /* Core */ = {
			isa = PBXGroup;
			children = (
				458AF4CD2A7D319E004C3376 /* Authentication */,
				458AF4D82A7D3C39004C3376 /* Components */,
				458AF4D12A7D31A6004C3376 /* Feed */,
				458AF4D02A7D31A4004C3376 /* Profile */,
				458AF4CF2A7D31A2004C3376 /* Root */,
				458AF4CE2A7D31A0004C3376 /* Search */,
				458AF4D32A7D31CF004C3376 /* TabBar */,
				458AF4D22A7D31CD004C3376 /* UploadPost */,
			);
			path = Core;
			sourceTree = "<group>";
		};
		458AF4CD2A7D319E004C3376 /* Authentication */ = {
			isa = PBXGroup;
			children = (
				450CF5D02A83DF4000F7D57A /* View */,
				450CF5DA2A83E48300F7D57A /* ViewModel */,
				450CF5D12A83DF5400F7D57A /* Service */,
			);
			path = Authentication;
			sourceTree = "<group>";
		};
		458AF4CE2A7D31A0004C3376 /* Search */ = {
			isa = PBXGroup;
			children = (
				458AF5042A84F5DF004C3376 /* View */,
				458AF5052A84F5E5004C3376 /* ViewModel */,
			);
			path = Search;
			sourceTree = "<group>";
		};
		458AF4CF2A7D31A2004C3376 /* Root */ = {
			isa = PBXGroup;
			children = (
				450CF5D62A83E42900F7D57A /* View */,
				450CF5D72A83E43300F7D57A /* ViewModel */,
			);
			path = Root;
			sourceTree = "<group>";
		};
		458AF4D02A7D31A4004C3376 /* Profile */ = {
			isa = PBXGroup;
			children = (
				450CF5DF2A83EEBB00F7D57A /* View */,
				450CF5E02A83EEC000F7D57A /* ViewModel */,
			);
			path = Profile;
			sourceTree = "<group>";
		};
		458AF4D12A7D31A6004C3376 /* Feed */ = {
			isa = PBXGroup;
			children = (
				458AF4DC2A7D4138004C3376 /* FeedView.swift */,
				458AF4DE2A7D4140004C3376 /* FeedCell.swift */,
				458AF4FC2A826E52004C3376 /* PostHeaderView.swift */,
			);
			path = Feed;
			sourceTree = "<group>";
		};
		458AF4D22A7D31CD004C3376 /* UploadPost */ = {
			isa = PBXGroup;
			children = (
				450CF5D82A83E44F00F7D57A /* View */,
				450CF5D92A83E45000F7D57A /* ViewModel */,
			);
			path = UploadPost;
			sourceTree = "<group>";
		};
		458AF4D32A7D31CF004C3376 /* TabBar */ = {
			isa = PBXGroup;
			children = (
				458AF4D42A7D3294004C3376 /* MainTabView.swift */,
			);
			path = TabBar;
			sourceTree = "<group>";
		};
		458AF4D82A7D3C39004C3376 /* Components */ = {
			isa = PBXGroup;
			children = (
				458AF4DA2A7D3CA6004C3376 /* UserStatView.swift */,
				458AF4E82A824309004C3376 /* ICTextField.swift */,
				458AF4F82A826A49004C3376 /* PostsGridView.swift */,
			);
			path = Components;
			sourceTree = "<group>";
		};
		458AF5042A84F5DF004C3376 /* View */ = {
			isa = PBXGroup;
			children = (
				458AF4E22A7D5B54004C3376 /* SearchView.swift */,
			);
			path = View;
			sourceTree = "<group>";
		};
		458AF5052A84F5E5004C3376 /* ViewModel */ = {
			isa = PBXGroup;
			children = (
				458AF5062A84F60A004C3376 /* SearchViewModel.swift */,
			);
			path = ViewModel;
			sourceTree = "<group>";
		};
/* End PBXGroup section */

/* Begin PBXNativeTarget section */
		458AF4B22A7D30FF004C3376 /* Instaclone */ = {
			isa = PBXNativeTarget;
			buildConfigurationList = 458AF4C12A7D3100004C3376 /* Build configuration list for PBXNativeTarget "Instaclone" */;
			buildPhases = (
				458AF4AF2A7D30FF004C3376 /* Sources */,
				458AF4B02A7D30FF004C3376 /* Frameworks */,
				458AF4B12A7D30FF004C3376 /* Resources */,
			);
			buildRules = (
			);
			dependencies = (
			);
			name = Instaclone;
			packageProductDependencies = (
				450CF5C82A83DD7100F7D57A /* FirebaseAuth */,
				450CF5CA2A83DD7100F7D57A /* FirebaseFirestore */,
				450CF5CC2A83DD7100F7D57A /* FirebaseFirestoreSwift */,
				450CF5CE2A83DD7100F7D57A /* FirebaseStorage */,
			);
			productName = Instaclone;
			productReference = 458AF4B32A7D30FF004C3376 /* Instaclone.app */;
			productType = "com.apple.product-type.application";
		};
/* End PBXNativeTarget section */

/* Begin PBXProject section */
		458AF4AB2A7D30FF004C3376 /* Project object */ = {
			isa = PBXProject;
			attributes = {
				BuildIndependentTargetsInParallel = 1;
				LastSwiftUpdateCheck = 1430;
				LastUpgradeCheck = 1430;
				TargetAttributes = {
					458AF4B22A7D30FF004C3376 = {
						CreatedOnToolsVersion = 14.3;
					};
				};
			};
			buildConfigurationList = 458AF4AE2A7D30FF004C3376 /* Build configuration list for PBXProject "Instaclone" */;
			compatibilityVersion = "Xcode 14.0";
			developmentRegion = en;
			hasScannedForEncodings = 0;
			knownRegions = (
				en,
				Base,
			);
			mainGroup = 458AF4AA2A7D30FF004C3376;
			packageReferences = (
				450CF5C72A83DD7100F7D57A /* XCRemoteSwiftPackageReference "firebase-ios-sdk" */,
			);
			productRefGroup = 458AF4B42A7D30FF004C3376 /* Products */;
			projectDirPath = "";
			projectRoot = "";
			targets = (
				458AF4B22A7D30FF004C3376 /* Instaclone */,
			);
		};
/* End PBXProject section */

/* Begin PBXResourcesBuildPhase section */
		458AF4B12A7D30FF004C3376 /* Resources */ = {
			isa = PBXResourcesBuildPhase;
			buildActionMask = 2147483647;
			files = (
				458AF4BE2A7D3100004C3376 /* Preview Assets.xcassets in Resources */,
				458AF4BB2A7D3100004C3376 /* Assets.xcassets in Resources */,
				450CF5C62A83DC5F00F7D57A /* GoogleService-Info.plist in Resources */,
			);
			runOnlyForDeploymentPostprocessing = 0;
		};
/* End PBXResourcesBuildPhase section */

/* Begin PBXSourcesBuildPhase section */
		458AF4AF2A7D30FF004C3376 /* Sources */ = {
			isa = PBXSourcesBuildPhase;
			buildActionMask = 2147483647;
			files = (
				458AF5092A850425004C3376 /* EditProfileView.swift in Sources */,
				458AF5032A84F52C004C3376 /* UserService.swift in Sources */,
				458AF4FD2A826E52004C3376 /* PostHeaderView.swift in Sources */,
				450CF5D32A83DF6900F7D57A /* AuthService.swift in Sources */,
				458AF4E92A824309004C3376 /* ICTextField.swift in Sources */,
				458AF4DF2A7D4140004C3376 /* FeedCell.swift in Sources */,
				458AF4D72A7D33FB004C3376 /* ProfileView.swift in Sources */,
				450CF5E22A83F11D00F7D57A /* LoginViewMode.swift in Sources */,
				458AF4B92A7D30FF004C3376 /* ContentView.swift in Sources */,
				458AF4F72A825B41004C3376 /* Post.swift in Sources */,
				458AF4E52A7D628A004C3376 /* LoginView.swift in Sources */,
				450CF5D52A83E14200F7D57A /* ContentViewModel.swift in Sources */,
				458AF4F52A825979004C3376 /* CurrentUserProfileView.swift in Sources */,
				458AF50B2A850640004C3376 /* EditProfileViewModel.swift in Sources */,
				4595B6EE2A86830900FF318B /* ImageUploader.swift in Sources */,
				450CF5DE2A83EEB800F7D57A /* ProfileViewModel.swift in Sources */,
				458AF4B72A7D30FF004C3376 /* InstacloneApp.swift in Sources */,
				458AF4F92A826A49004C3376 /* PostsGridView.swift in Sources */,
				458AF4EB2A824543004C3376 /* CreateUsernameView.swift in Sources */,
				458AF4FB2A826BB2004C3376 /* ProfileHeaderView.swift in Sources */,
				458AF4F12A824E77004C3376 /* CompleteSignUpView.swift in Sources */,
				458AF5072A84F60A004C3376 /* SearchViewModel.swift in Sources */,
				458AF5012A82766D004C3376 /* UploadPostViewModel.swift in Sources */,
				458AF4F32A825065004C3376 /* User.swift in Sources */,
				458AF4E72A823EA7004C3376 /* AddEmailView.swift in Sources */,
				458AF4E32A7D5B54004C3376 /* SearchView.swift in Sources */,
				458AF4FF2A8272E0004C3376 /* UploadPostView.swift in Sources */,
				450CF5DC2A83E4A200F7D57A /* RegistrationViewModel.swift in Sources */,
				458AF4DB2A7D3CA6004C3376 /* UserStatView.swift in Sources */,
				458AF4DD2A7D4138004C3376 /* FeedView.swift in Sources */,
				4595B6EC2A8677F700FF318B /* EditProfileRowView.swift in Sources */,
				458AF4D52A7D3294004C3376 /* MainTabView.swift in Sources */,
				458AF4EF2A824D75004C3376 /* CreatePasswordView.swift in Sources */,
			);
			runOnlyForDeploymentPostprocessing = 0;
		};
/* End PBXSourcesBuildPhase section */

/* Begin XCBuildConfiguration section */
		458AF4BF2A7D3100004C3376 /* Debug */ = {
			isa = XCBuildConfiguration;
			buildSettings = {
				ALWAYS_SEARCH_USER_PATHS = NO;
				CLANG_ANALYZER_NONNULL = YES;
				CLANG_ANALYZER_NUMBER_OBJECT_CONVERSION = YES_AGGRESSIVE;
				CLANG_CXX_LANGUAGE_STANDARD = "gnu++20";
				CLANG_ENABLE_MODULES = YES;
				CLANG_ENABLE_OBJC_ARC = YES;
				CLANG_ENABLE_OBJC_WEAK = YES;
				CLANG_WARN_BLOCK_CAPTURE_AUTORELEASING = YES;
				CLANG_WARN_BOOL_CONVERSION = YES;
				CLANG_WARN_COMMA = YES;
				CLANG_WARN_CONSTANT_CONVERSION = YES;
				CLANG_WARN_DEPRECATED_OBJC_IMPLEMENTATIONS = YES;
				CLANG_WARN_DIRECT_OBJC_ISA_USAGE = YES_ERROR;
				CLANG_WARN_DOCUMENTATION_COMMENTS = YES;
				CLANG_WARN_EMPTY_BODY = YES;
				CLANG_WARN_ENUM_CONVERSION = YES;
				CLANG_WARN_INFINITE_RECURSION = YES;
				CLANG_WARN_INT_CONVERSION = YES;
				CLANG_WARN_NON_LITERAL_NULL_CONVERSION = YES;
				CLANG_WARN_OBJC_IMPLICIT_RETAIN_SELF = YES;
				CLANG_WARN_OBJC_LITERAL_CONVERSION = YES;
				CLANG_WARN_OBJC_ROOT_CLASS = YES_ERROR;
				CLANG_WARN_QUOTED_INCLUDE_IN_FRAMEWORK_HEADER = YES;
				CLANG_WARN_RANGE_LOOP_ANALYSIS = YES;
				CLANG_WARN_STRICT_PROTOTYPES = YES;
				CLANG_WARN_SUSPICIOUS_MOVE = YES;
				CLANG_WARN_UNGUARDED_AVAILABILITY = YES_AGGRESSIVE;
				CLANG_WARN_UNREACHABLE_CODE = YES;
				CLANG_WARN__DUPLICATE_METHOD_MATCH = YES;
				COPY_PHASE_STRIP = NO;
				DEBUG_INFORMATION_FORMAT = dwarf;
				ENABLE_STRICT_OBJC_MSGSEND = YES;
				ENABLE_TESTABILITY = YES;
				GCC_C_LANGUAGE_STANDARD = gnu11;
				GCC_DYNAMIC_NO_PIC = NO;
				GCC_NO_COMMON_BLOCKS = YES;
				GCC_OPTIMIZATION_LEVEL = 0;
				GCC_PREPROCESSOR_DEFINITIONS = (
					"DEBUG=1",
					"$(inherited)",
				);
				GCC_WARN_64_TO_32_BIT_CONVERSION = YES;
				GCC_WARN_ABOUT_RETURN_TYPE = YES_ERROR;
				GCC_WARN_UNDECLARED_SELECTOR = YES;
				GCC_WARN_UNINITIALIZED_AUTOS = YES_AGGRESSIVE;
				GCC_WARN_UNUSED_FUNCTION = YES;
				GCC_WARN_UNUSED_VARIABLE = YES;
				IPHONEOS_DEPLOYMENT_TARGET = 16.4;
				MTL_ENABLE_DEBUG_INFO = INCLUDE_SOURCE;
				MTL_FAST_MATH = YES;
				ONLY_ACTIVE_ARCH = YES;
				SDKROOT = iphoneos;
				SWIFT_ACTIVE_COMPILATION_CONDITIONS = DEBUG;
				SWIFT_OPTIMIZATION_LEVEL = "-Onone";
			};
			name = Debug;
		};
		458AF4C02A7D3100004C3376 /* Release */ = {
			isa = XCBuildConfiguration;
			buildSettings = {
				ALWAYS_SEARCH_USER_PATHS = NO;
				CLANG_ANALYZER_NONNULL = YES;
				CLANG_ANALYZER_NUMBER_OBJECT_CONVERSION = YES_AGGRESSIVE;
				CLANG_CXX_LANGUAGE_STANDARD = "gnu++20";
				CLANG_ENABLE_MODULES = YES;
				CLANG_ENABLE_OBJC_ARC = YES;
				CLANG_ENABLE_OBJC_WEAK = YES;
				CLANG_WARN_BLOCK_CAPTURE_AUTORELEASING = YES;
				CLANG_WARN_BOOL_CONVERSION = YES;
				CLANG_WARN_COMMA = YES;
				CLANG_WARN_CONSTANT_CONVERSION = YES;
				CLANG_WARN_DEPRECATED_OBJC_IMPLEMENTATIONS = YES;
				CLANG_WARN_DIRECT_OBJC_ISA_USAGE = YES_ERROR;
				CLANG_WARN_DOCUMENTATION_COMMENTS = YES;
				CLANG_WARN_EMPTY_BODY = YES;
				CLANG_WARN_ENUM_CONVERSION = YES;
				CLANG_WARN_INFINITE_RECURSION = YES;
				CLANG_WARN_INT_CONVERSION = YES;
				CLANG_WARN_NON_LITERAL_NULL_CONVERSION = YES;
				CLANG_WARN_OBJC_IMPLICIT_RETAIN_SELF = YES;
				CLANG_WARN_OBJC_LITERAL_CONVERSION = YES;
				CLANG_WARN_OBJC_ROOT_CLASS = YES_ERROR;
				CLANG_WARN_QUOTED_INCLUDE_IN_FRAMEWORK_HEADER = YES;
				CLANG_WARN_RANGE_LOOP_ANALYSIS = YES;
				CLANG_WARN_STRICT_PROTOTYPES = YES;
				CLANG_WARN_SUSPICIOUS_MOVE = YES;
				CLANG_WARN_UNGUARDED_AVAILABILITY = YES_AGGRESSIVE;
				CLANG_WARN_UNREACHABLE_CODE = YES;
				CLANG_WARN__DUPLICATE_METHOD_MATCH = YES;
				COPY_PHASE_STRIP = NO;
				DEBUG_INFORMATION_FORMAT = "dwarf-with-dsym";
				ENABLE_NS_ASSERTIONS = NO;
				ENABLE_STRICT_OBJC_MSGSEND = YES;
				GCC_C_LANGUAGE_STANDARD = gnu11;
				GCC_NO_COMMON_BLOCKS = YES;
				GCC_WARN_64_TO_32_BIT_CONVERSION = YES;
				GCC_WARN_ABOUT_RETURN_TYPE = YES_ERROR;
				GCC_WARN_UNDECLARED_SELECTOR = YES;
				GCC_WARN_UNINITIALIZED_AUTOS = YES_AGGRESSIVE;
				GCC_WARN_UNUSED_FUNCTION = YES;
				GCC_WARN_UNUSED_VARIABLE = YES;
				IPHONEOS_DEPLOYMENT_TARGET = 16.4;
				MTL_ENABLE_DEBUG_INFO = NO;
				MTL_FAST_MATH = YES;
				SDKROOT = iphoneos;
				SWIFT_COMPILATION_MODE = wholemodule;
				SWIFT_OPTIMIZATION_LEVEL = "-O";
				VALIDATE_PRODUCT = YES;
			};
			name = Release;
		};
		458AF4C22A7D3100004C3376 /* Debug */ = {
			isa = XCBuildConfiguration;
			buildSettings = {
				ASSETCATALOG_COMPILER_APPICON_NAME = AppIcon;
				ASSETCATALOG_COMPILER_GLOBAL_ACCENT_COLOR_NAME = AccentColor;
				CODE_SIGN_STYLE = Automatic;
				CURRENT_PROJECT_VERSION = 1;
				DEVELOPMENT_ASSET_PATHS = "\"Instaclone/Preview Content\"";
				DEVELOPMENT_TEAM = 36J8GH24RS;
				ENABLE_PREVIEWS = YES;
				GENERATE_INFOPLIST_FILE = YES;
				INFOPLIST_KEY_UIApplicationSceneManifest_Generation = YES;
				INFOPLIST_KEY_UIApplicationSupportsIndirectInputEvents = YES;
				INFOPLIST_KEY_UILaunchScreen_Generation = YES;
				INFOPLIST_KEY_UISupportedInterfaceOrientations_iPad = "UIInterfaceOrientationPortrait UIInterfaceOrientationPortraitUpsideDown UIInterfaceOrientationLandscapeLeft UIInterfaceOrientationLandscapeRight";
				INFOPLIST_KEY_UISupportedInterfaceOrientations_iPhone = "UIInterfaceOrientationPortrait UIInterfaceOrientationLandscapeLeft UIInterfaceOrientationLandscapeRight";
				LD_RUNPATH_SEARCH_PATHS = (
					"$(inherited)",
					"@executable_path/Frameworks",
				);
				MARKETING_VERSION = 1.0;
				PRODUCT_BUNDLE_IDENTIFIER = com.orisraeli.Instaclone;
				PRODUCT_NAME = "$(TARGET_NAME)";
				SWIFT_EMIT_LOC_STRINGS = YES;
				SWIFT_VERSION = 5.0;
				TARGETED_DEVICE_FAMILY = "1,2";
			};
			name = Debug;
		};
		458AF4C32A7D3100004C3376 /* Release */ = {
			isa = XCBuildConfiguration;
			buildSettings = {
				ASSETCATALOG_COMPILER_APPICON_NAME = AppIcon;
				ASSETCATALOG_COMPILER_GLOBAL_ACCENT_COLOR_NAME = AccentColor;
				CODE_SIGN_STYLE = Automatic;
				CURRENT_PROJECT_VERSION = 1;
				DEVELOPMENT_ASSET_PATHS = "\"Instaclone/Preview Content\"";
				DEVELOPMENT_TEAM = 36J8GH24RS;
				ENABLE_PREVIEWS = YES;
				GENERATE_INFOPLIST_FILE = YES;
				INFOPLIST_KEY_UIApplicationSceneManifest_Generation = YES;
				INFOPLIST_KEY_UIApplicationSupportsIndirectInputEvents = YES;
				INFOPLIST_KEY_UILaunchScreen_Generation = YES;
				INFOPLIST_KEY_UISupportedInterfaceOrientations_iPad = "UIInterfaceOrientationPortrait UIInterfaceOrientationPortraitUpsideDown UIInterfaceOrientationLandscapeLeft UIInterfaceOrientationLandscapeRight";
				INFOPLIST_KEY_UISupportedInterfaceOrientations_iPhone = "UIInterfaceOrientationPortrait UIInterfaceOrientationLandscapeLeft UIInterfaceOrientationLandscapeRight";
				LD_RUNPATH_SEARCH_PATHS = (
					"$(inherited)",
					"@executable_path/Frameworks",
				);
				MARKETING_VERSION = 1.0;
				PRODUCT_BUNDLE_IDENTIFIER = com.orisraeli.Instaclone;
				PRODUCT_NAME = "$(TARGET_NAME)";
				SWIFT_EMIT_LOC_STRINGS = YES;
				SWIFT_VERSION = 5.0;
				TARGETED_DEVICE_FAMILY = "1,2";
			};
			name = Release;
		};
/* End XCBuildConfiguration section */

/* Begin XCConfigurationList section */
		458AF4AE2A7D30FF004C3376 /* Build configuration list for PBXProject "Instaclone" */ = {
			isa = XCConfigurationList;
			buildConfigurations = (
				458AF4BF2A7D3100004C3376 /* Debug */,
				458AF4C02A7D3100004C3376 /* Release */,
			);
			defaultConfigurationIsVisible = 0;
			defaultConfigurationName = Release;
		};
		458AF4C12A7D3100004C3376 /* Build configuration list for PBXNativeTarget "Instaclone" */ = {
			isa = XCConfigurationList;
			buildConfigurations = (
				458AF4C22A7D3100004C3376 /* Debug */,
				458AF4C32A7D3100004C3376 /* Release */,
			);
			defaultConfigurationIsVisible = 0;
			defaultConfigurationName = Release;
		};
/* End XCConfigurationList section */

/* Begin XCRemoteSwiftPackageReference section */
		450CF5C72A83DD7100F7D57A /* XCRemoteSwiftPackageReference "firebase-ios-sdk" */ = {
			isa = XCRemoteSwiftPackageReference;
			repositoryURL = "https://github.com/firebase/firebase-ios-sdk";
			requirement = {
				kind = upToNextMajorVersion;
				minimumVersion = 10.0.0;
			};
		};
/* End XCRemoteSwiftPackageReference section */

/* Begin XCSwiftPackageProductDependency section */
		450CF5C82A83DD7100F7D57A /* FirebaseAuth */ = {
			isa = XCSwiftPackageProductDependency;
			package = 450CF5C72A83DD7100F7D57A /* XCRemoteSwiftPackageReference "firebase-ios-sdk" */;
			productName = FirebaseAuth;
		};
		450CF5CA2A83DD7100F7D57A /* FirebaseFirestore */ = {
			isa = XCSwiftPackageProductDependency;
			package = 450CF5C72A83DD7100F7D57A /* XCRemoteSwiftPackageReference "firebase-ios-sdk" */;
			productName = FirebaseFirestore;
		};
		450CF5CC2A83DD7100F7D57A /* FirebaseFirestoreSwift */ = {
			isa = XCSwiftPackageProductDependency;
			package = 450CF5C72A83DD7100F7D57A /* XCRemoteSwiftPackageReference "firebase-ios-sdk" */;
			productName = FirebaseFirestoreSwift;
		};
		450CF5CE2A83DD7100F7D57A /* FirebaseStorage */ = {
			isa = XCSwiftPackageProductDependency;
			package = 450CF5C72A83DD7100F7D57A /* XCRemoteSwiftPackageReference "firebase-ios-sdk" */;
			productName = FirebaseStorage;
		};
/* End XCSwiftPackageProductDependency section */
	};
	rootObject = 458AF4AB2A7D30FF004C3376 /* Project object */;
}
